
Microsoft Visual Studio Solution File, Format Version 12.00
# Visual Studio 2012
Project("{E24C65DC-7377-472B-9ABA-BC803B73C61A}") = "beginor.github.com", ".", "{78633E12-B289-4BE4-8D90-551C21D58F73}"
	ProjectSection(WebsiteProperties) = preProject
		TargetFrameworkMoniker = ".NETFramework,Version%3Dv4.0"
		Debug.AspNetCompiler.VirtualPath = "/beginor.github.com"
		Debug.AspNetCompiler.PhysicalPath = "..\beginor.github.com\"
		Debug.AspNetCompiler.TargetPath = "PrecompiledWeb\beginor.github.com\"
		Debug.AspNetCompiler.Updateable = "true"
		Debug.AspNetCompiler.ForceOverwrite = "true"
		Debug.AspNetCompiler.FixedNames = "false"
		Debug.AspNetCompiler.Debug = "True"
		Release.AspNetCompiler.VirtualPath = "/beginor.github.com"
		Release.AspNetCompiler.PhysicalPath = "..\beginor.github.com\"
		Release.AspNetCompiler.TargetPath = "PrecompiledWeb\beginor.github.com\"
		Release.AspNetCompiler.Updateable = "true"
		Release.AspNetCompiler.ForceOverwrite = "true"
		Release.AspNetCompiler.FixedNames = "false"
		Release.AspNetCompiler.Debug = "False"
		VWDPort = "22743"
	EndProjectSection
EndProject
Global
	GlobalSection(SolutionConfigurationPlatforms) = preSolution
		Debug|Any CPU = Debug|Any CPU
	EndGlobalSection
	GlobalSection(ProjectConfigurationPlatforms) = postSolution
		{78633E12-B289-4BE4-8D90-551C21D58F73}.Debug|Any CPU.ActiveCfg = Debug|Any CPU
		{78633E12-B289-4BE4-8D90-551C21D58F73}.Debug|Any CPU.Build.0 = Debug|Any CPU
	EndGlobalSection
	GlobalSection(SolutionProperties) = preSolution
		HideSolutionNode = FALSE
	EndGlobalSection
EndGlobal
